github.com/mattn/go-sqlite3 v1.14.17 h1:mCRHCLDUBXgpKAqIKsaAaAsrAlbkeomtRFKXh2L6YIM=
github.com/mattn/go-sqlite3 v1.14.17/go.mod h1:2eHXhiwb8IkHr+BDWZGa96P6+rkvnG63S2DGjv9HUNg=
golang.org/x/image v0.33.0 h1:LXRZRnv1+zGd5XBUVRFmYEphyyKJjQjCRiOuAP3sZfQ=
golang.org/x/image v0.33.0/go.mod h1:DD3OsTYT9chzuzTQt+zMcOlBHgfoKQb1gry8p76Y1sc=
